
Microsoft Visual Studio Solution File, Format Version 12.00
# Visual Studio Version 17
VisualStudioVersion = 17.0.31903.59
MinimumVisualStudioVersion = 10.0.40219.1
Project("{FAE04EC0-301F-11D3-BF4B-00C04F79EFBC}") = "JacksonVeroneze.TaxiService.Exp.Api", "main\JacksonVeroneze.TaxiService.Exp.Api\JacksonVeroneze.TaxiService.Exp.Api.csproj", "{7E75DDC3-1A7D-4806-9DA6-B6BC687D9A51}"
EndProject
Project("{FAE04EC0-301F-11D3-BF4B-00C04F79EFBC}") = "JacksonVeroneze.TaxiService.Exp.Application", "main\JacksonVeroneze.TaxiService.Exp.Application\JacksonVeroneze.TaxiService.Exp.Application.csproj", "{B33871D2-0A58-41DE-A7FB-E7E58E0C6107}"
EndProject
Project("{FAE04EC0-301F-11D3-BF4B-00C04F79EFBC}") = "JacksonVeroneze.TaxiService.Exp.Domain", "main\JacksonVeroneze.TaxiService.Exp.Domain\JacksonVeroneze.TaxiService.Exp.Domain.csproj", "{2AB98847-BB76-44EF-9184-2C6E38138E7B}"
EndProject
Project("{FAE04EC0-301F-11D3-BF4B-00C04F79EFBC}") = "JacksonVeroneze.TaxiService.Exp.Infrastructure", "main\JacksonVeroneze.TaxiService.Exp.Infrastructure\JacksonVeroneze.TaxiService.Exp.Infrastructure.csproj", "{5DD8DA6C-CFC9-4AF0-8AAD-FFB3C4E6B951}"
EndProject
Project("{2150E333-8FDC-42A3-9474-1A3956D46DE8}") = "SolutionItems", "SolutionItems", "{2FB36637-D019-47A7-8E00-B11FB572D0D8}"
	ProjectSection(SolutionItems) = preProject
		.dockerignore = .dockerignore
		.editorconfig = .editorconfig
		Dockerfile = Dockerfile
		global.json = global.json
		..\tests\http_get.js = ..\tests\http_get.js
		..\.gitignore = ..\.gitignore
	EndProjectSection
EndProject
Project("{2150E333-8FDC-42A3-9474-1A3956D46DE8}") = "src", "src", "{781F0984-F5A6-4051-9B5F-525135392A5A}"
EndProject
Project("{2150E333-8FDC-42A3-9474-1A3956D46DE8}") = "tests", "tests", "{911C6EDB-84B3-4A91-B837-74EB587665CF}"
EndProject
Project("{2150E333-8FDC-42A3-9474-1A3956D46DE8}") = "infra", "infra", "{2E06D1F1-951E-43B4-9706-4A931EB38244}"
EndProject
Project("{2150E333-8FDC-42A3-9474-1A3956D46DE8}") = "docker", "docker", "{D169AF26-FB04-418D-A804-6BFBF6B99227}"
	ProjectSection(SolutionItems) = preProject
		..\infra\docker\docker-compose.yml = ..\infra\docker\docker-compose.yml
	EndProjectSection
EndProject
Project("{2150E333-8FDC-42A3-9474-1A3956D46DE8}") = "k8s", "k8s", "{E2913F2F-E551-454D-9E83-C3D541D3BFDE}"
	ProjectSection(SolutionItems) = preProject
		..\infra\k8s\api.yaml = ..\infra\k8s\api.yaml
		..\infra\k8s\common.yaml = ..\infra\k8s\common.yaml
	EndProjectSection
EndProject
Project("{2150E333-8FDC-42A3-9474-1A3956D46DE8}") = "aws", "aws", "{81E56863-860E-4C7C-8B75-442A791EE3CB}"
EndProject
Project("{2150E333-8FDC-42A3-9474-1A3956D46DE8}") = "terraform", "terraform", "{F25A0A19-490B-4F5D-8273-E06BF4E80806}"
EndProject
Project("{FAE04EC0-301F-11D3-BF4B-00C04F79EFBC}") = "JacksonVeroneze.TaxiService.IntegrationTests", "test\JacksonVeroneze.TaxiService.IntegrationTests\JacksonVeroneze.TaxiService.IntegrationTests.csproj", "{16C2E57F-2EAA-4D85-8697-2CF2FD3E270C}"
EndProject
Project("{FAE04EC0-301F-11D3-BF4B-00C04F79EFBC}") = "JacksonVeroneze.TaxiService.UnitTests", "test\JacksonVeroneze.TaxiService.UnitTests\JacksonVeroneze.TaxiService.UnitTests.csproj", "{C0CA9EC5-0B83-4CC6-A37D-E928DCF15FA3}"
EndProject
Project("{FAE04EC0-301F-11D3-BF4B-00C04F79EFBC}") = "JacksonVeroneze.TaxiService.Util.Tests", "test\JacksonVeroneze.TaxiService.Util.Tests\JacksonVeroneze.TaxiService.Util.Tests.csproj", "{26EBA3B9-A9A3-4AA1-A9B2-34D62C91911B}"
EndProject
Project("{2150E333-8FDC-42A3-9474-1A3956D46DE8}") = "ecs", "ecs", "{AF90CCA6-A6E3-448F-B51D-3A6B0A9D4383}"
	ProjectSection(SolutionItems) = preProject
		..\infra\aws\terraform\ecs\main.tf = ..\infra\aws\terraform\ecs\main.tf
		..\infra\aws\terraform\ecs\variables.tf = ..\infra\aws\terraform\ecs\variables.tf
		..\infra\aws\terraform\ecs\locals.tf = ..\infra\aws\terraform\ecs\locals.tf
		..\infra\aws\terraform\ecs\data.tf = ..\infra\aws\terraform\ecs\data.tf
		..\infra\aws\terraform\ecs\provider.tf = ..\infra\aws\terraform\ecs\provider.tf
	EndProjectSection
EndProject
Global
	GlobalSection(SolutionConfigurationPlatforms) = preSolution
		Debug|Any CPU = Debug|Any CPU
		Release|Any CPU = Release|Any CPU
	EndGlobalSection
	GlobalSection(SolutionProperties) = preSolution
		HideSolutionNode = FALSE
	EndGlobalSection
	GlobalSection(ProjectConfigurationPlatforms) = postSolution
		{7E75DDC3-1A7D-4806-9DA6-B6BC687D9A51}.Debug|Any CPU.ActiveCfg = Debug|Any CPU
		{7E75DDC3-1A7D-4806-9DA6-B6BC687D9A51}.Debug|Any CPU.Build.0 = Debug|Any CPU
		{7E75DDC3-1A7D-4806-9DA6-B6BC687D9A51}.Release|Any CPU.ActiveCfg = Release|Any CPU
		{7E75DDC3-1A7D-4806-9DA6-B6BC687D9A51}.Release|Any CPU.Build.0 = Release|Any CPU
		{B33871D2-0A58-41DE-A7FB-E7E58E0C6107}.Debug|Any CPU.ActiveCfg = Debug|Any CPU
		{B33871D2-0A58-41DE-A7FB-E7E58E0C6107}.Debug|Any CPU.Build.0 = Debug|Any CPU
		{B33871D2-0A58-41DE-A7FB-E7E58E0C6107}.Release|Any CPU.ActiveCfg = Release|Any CPU
		{B33871D2-0A58-41DE-A7FB-E7E58E0C6107}.Release|Any CPU.Build.0 = Release|Any CPU
		{2AB98847-BB76-44EF-9184-2C6E38138E7B}.Debug|Any CPU.ActiveCfg = Debug|Any CPU
		{2AB98847-BB76-44EF-9184-2C6E38138E7B}.Debug|Any CPU.Build.0 = Debug|Any CPU
		{2AB98847-BB76-44EF-9184-2C6E38138E7B}.Release|Any CPU.ActiveCfg = Release|Any CPU
		{2AB98847-BB76-44EF-9184-2C6E38138E7B}.Release|Any CPU.Build.0 = Release|Any CPU
		{5DD8DA6C-CFC9-4AF0-8AAD-FFB3C4E6B951}.Debug|Any CPU.ActiveCfg = Debug|Any CPU
		{5DD8DA6C-CFC9-4AF0-8AAD-FFB3C4E6B951}.Debug|Any CPU.Build.0 = Debug|Any CPU
		{5DD8DA6C-CFC9-4AF0-8AAD-FFB3C4E6B951}.Release|Any CPU.ActiveCfg = Release|Any CPU
		{5DD8DA6C-CFC9-4AF0-8AAD-FFB3C4E6B951}.Release|Any CPU.Build.0 = Release|Any CPU
		{16C2E57F-2EAA-4D85-8697-2CF2FD3E270C}.Debug|Any CPU.ActiveCfg = Debug|Any CPU
		{16C2E57F-2EAA-4D85-8697-2CF2FD3E270C}.Debug|Any CPU.Build.0 = Debug|Any CPU
		{16C2E57F-2EAA-4D85-8697-2CF2FD3E270C}.Release|Any CPU.ActiveCfg = Release|Any CPU
		{16C2E57F-2EAA-4D85-8697-2CF2FD3E270C}.Release|Any CPU.Build.0 = Release|Any CPU
		{C0CA9EC5-0B83-4CC6-A37D-E928DCF15FA3}.Debug|Any CPU.ActiveCfg = Debug|Any CPU
		{C0CA9EC5-0B83-4CC6-A37D-E928DCF15FA3}.Debug|Any CPU.Build.0 = Debug|Any CPU
		{C0CA9EC5-0B83-4CC6-A37D-E928DCF15FA3}.Release|Any CPU.ActiveCfg = Release|Any CPU
		{C0CA9EC5-0B83-4CC6-A37D-E928DCF15FA3}.Release|Any CPU.Build.0 = Release|Any CPU
		{26EBA3B9-A9A3-4AA1-A9B2-34D62C91911B}.Debug|Any CPU.ActiveCfg = Debug|Any CPU
		{26EBA3B9-A9A3-4AA1-A9B2-34D62C91911B}.Debug|Any CPU.Build.0 = Debug|Any CPU
		{26EBA3B9-A9A3-4AA1-A9B2-34D62C91911B}.Release|Any CPU.ActiveCfg = Release|Any CPU
		{26EBA3B9-A9A3-4AA1-A9B2-34D62C91911B}.Release|Any CPU.Build.0 = Release|Any CPU
	EndGlobalSection
	GlobalSection(NestedProjects) = preSolution
		{7E75DDC3-1A7D-4806-9DA6-B6BC687D9A51} = {781F0984-F5A6-4051-9B5F-525135392A5A}
		{B33871D2-0A58-41DE-A7FB-E7E58E0C6107} = {781F0984-F5A6-4051-9B5F-525135392A5A}
		{2AB98847-BB76-44EF-9184-2C6E38138E7B} = {781F0984-F5A6-4051-9B5F-525135392A5A}
		{5DD8DA6C-CFC9-4AF0-8AAD-FFB3C4E6B951} = {781F0984-F5A6-4051-9B5F-525135392A5A}
		{2E06D1F1-951E-43B4-9706-4A931EB38244} = {2FB36637-D019-47A7-8E00-B11FB572D0D8}
		{D169AF26-FB04-418D-A804-6BFBF6B99227} = {2E06D1F1-951E-43B4-9706-4A931EB38244}
		{E2913F2F-E551-454D-9E83-C3D541D3BFDE} = {2E06D1F1-951E-43B4-9706-4A931EB38244}
		{81E56863-860E-4C7C-8B75-442A791EE3CB} = {2E06D1F1-951E-43B4-9706-4A931EB38244}
		{F25A0A19-490B-4F5D-8273-E06BF4E80806} = {81E56863-860E-4C7C-8B75-442A791EE3CB}
		{16C2E57F-2EAA-4D85-8697-2CF2FD3E270C} = {911C6EDB-84B3-4A91-B837-74EB587665CF}
		{C0CA9EC5-0B83-4CC6-A37D-E928DCF15FA3} = {911C6EDB-84B3-4A91-B837-74EB587665CF}
		{26EBA3B9-A9A3-4AA1-A9B2-34D62C91911B} = {911C6EDB-84B3-4A91-B837-74EB587665CF}
		{AF90CCA6-A6E3-448F-B51D-3A6B0A9D4383} = {F25A0A19-490B-4F5D-8273-E06BF4E80806}
	EndGlobalSection
EndGlobal
