
Microsoft Visual Studio Solution File, Format Version 12.00
# Visual Studio Version 17
VisualStudioVersion = 17.0.31903.59
MinimumVisualStudioVersion = 10.0.40219.1
Project("{FAE04EC0-301F-11D3-BF4B-00C04F79EFBC}") = "JacksonVeroneze.TaxiService.Exp.Api", "main\JacksonVeroneze.TaxiService.Exp.Api\JacksonVeroneze.TaxiService.Exp.Api.csproj", "{7E75DDC3-1A7D-4806-9DA6-B6BC687D9A51}"
EndProject
Project("{FAE04EC0-301F-11D3-BF4B-00C04F79EFBC}") = "JacksonVeroneze.TaxiService.Exp.Application", "main\JacksonVeroneze.TaxiService.Exp.Application\JacksonVeroneze.TaxiService.Exp.Application.csproj", "{B33871D2-0A58-41DE-A7FB-E7E58E0C6107}"
EndProject
Project("{FAE04EC0-301F-11D3-BF4B-00C04F79EFBC}") = "JacksonVeroneze.TaxiService.Exp.Domain", "main\JacksonVeroneze.TaxiService.Exp.Domain\JacksonVeroneze.TaxiService.Exp.Domain.csproj", "{2AB98847-BB76-44EF-9184-2C6E38138E7B}"
EndProject
Project("{FAE04EC0-301F-11D3-BF4B-00C04F79EFBC}") = "JacksonVeroneze.TaxiService.Exp.Infrastructure", "main\JacksonVeroneze.TaxiService.Exp.Infrastructure\JacksonVeroneze.TaxiService.Exp.Infrastructure.csproj", "{5DD8DA6C-CFC9-4AF0-8AAD-FFB3C4E6B951}"
EndProject
Project("{2150E333-8FDC-42A3-9474-1A3956D46DE8}") = "SolutionItems", "SolutionItems", "{2FB36637-D019-47A7-8E00-B11FB572D0D8}"
	ProjectSection(SolutionItems) = preProject
		.dockerignore = .dockerignore
		.editorconfig = .editorconfig
		Dockerfile = Dockerfile
		global.json = global.json
		..\.gitignore = ..\.gitignore
		Directory.Build.props = Directory.Build.props
		BannedSymbols.txt = BannedSymbols.txt
		nuget.config = nuget.config
		AssemblyInfo.cs = AssemblyInfo.cs
		Directory.Packages.props = Directory.Packages.props
	EndProjectSection
EndProject
Project("{2150E333-8FDC-42A3-9474-1A3956D46DE8}") = "src", "src", "{781F0984-F5A6-4051-9B5F-525135392A5A}"
EndProject
Project("{2150E333-8FDC-42A3-9474-1A3956D46DE8}") = "tests", "tests", "{911C6EDB-84B3-4A91-B837-74EB587665CF}"
EndProject
Project("{2150E333-8FDC-42A3-9474-1A3956D46DE8}") = "infra", "infra", "{2E06D1F1-951E-43B4-9706-4A931EB38244}"
EndProject
Project("{2150E333-8FDC-42A3-9474-1A3956D46DE8}") = "docker", "docker", "{D169AF26-FB04-418D-A804-6BFBF6B99227}"
	ProjectSection(SolutionItems) = preProject
		..\infra\docker\docker-compose.yml = ..\infra\docker\docker-compose.yml
	EndProjectSection
EndProject
Project("{2150E333-8FDC-42A3-9474-1A3956D46DE8}") = "tests", "tests", "{C29D5355-B5A2-4621-86AE-57766C544BDB}"
	ProjectSection(SolutionItems) = preProject
		..\tests\index.js = ..\tests\index.js
	EndProjectSection
EndProject
Project("{2150E333-8FDC-42A3-9474-1A3956D46DE8}") = "mail", "mail", "{F8B2E265-7B8A-484A-B494-02BF3CF086C1}"
	ProjectSection(SolutionItems) = preProject
		..\tests\scenarios\mail\mail.js = ..\tests\scenarios\mail\mail.js
		..\tests\scenarios\mail\mail.scenario.js = ..\tests\scenarios\mail\mail.scenario.js
	EndProjectSection
EndProject
Project("{2150E333-8FDC-42A3-9474-1A3956D46DE8}") = "user", "user", "{3E92D80F-561D-4374-A134-F1798FB395C2}"
	ProjectSection(SolutionItems) = preProject
		..\tests\scenarios\user\user.js = ..\tests\scenarios\user\user.js
		..\tests\scenarios\user\user.scenario.js = ..\tests\scenarios\user\user.scenario.js
	EndProjectSection
EndProject
Project("{2150E333-8FDC-42A3-9474-1A3956D46DE8}") = "ride", "ride", "{1ED107B4-974F-4084-8C98-B96C2041D4F5}"
	ProjectSection(SolutionItems) = preProject
		..\tests\scenarios\ride\ride.js = ..\tests\scenarios\ride\ride.js
		..\tests\scenarios\ride\ride.scenario.js = ..\tests\scenarios\ride\ride.scenario.js
	EndProjectSection
EndProject
Project("{2150E333-8FDC-42A3-9474-1A3956D46DE8}") = "position", "position", "{072A7146-CC76-4DBC-9020-2DA1F6613D71}"
	ProjectSection(SolutionItems) = preProject
		..\tests\scenarios\position\position.js = ..\tests\scenarios\position\position.js
	EndProjectSection
EndProject
Project("{2150E333-8FDC-42A3-9474-1A3956D46DE8}") = "util", "util", "{FCF116CF-D7A0-479B-B9EA-471FC20BF90B}"
	ProjectSection(SolutionItems) = preProject
		..\tests\scenarios\util.js = ..\tests\scenarios\util.js
	EndProjectSection
EndProject
Project("{2150E333-8FDC-42A3-9474-1A3956D46DE8}") = "github", "github", "{22503280-B856-43B3-8174-60F081C35E9A}"
	ProjectSection(SolutionItems) = preProject
		..\.github\workflows\run-commit-linter.yml = ..\.github\workflows\run-commit-linter.yml
		..\.github\workflows\run-create-package.yml = ..\.github\workflows\run-create-package.yml
		..\.github\workflows\run-pr-assign.yml = ..\.github\workflows\run-pr-assign.yml
		..\.github\workflows\run-unit-tests.yaml = ..\.github\workflows\run-unit-tests.yaml
	EndProjectSection
EndProject
Global
	GlobalSection(SolutionConfigurationPlatforms) = preSolution
		Debug|Any CPU = Debug|Any CPU
		Release|Any CPU = Release|Any CPU
	EndGlobalSection
	GlobalSection(SolutionProperties) = preSolution
		HideSolutionNode = FALSE
	EndGlobalSection
	GlobalSection(ProjectConfigurationPlatforms) = postSolution
		{7E75DDC3-1A7D-4806-9DA6-B6BC687D9A51}.Debug|Any CPU.ActiveCfg = Debug|Any CPU
		{7E75DDC3-1A7D-4806-9DA6-B6BC687D9A51}.Debug|Any CPU.Build.0 = Debug|Any CPU
		{7E75DDC3-1A7D-4806-9DA6-B6BC687D9A51}.Release|Any CPU.ActiveCfg = Release|Any CPU
		{7E75DDC3-1A7D-4806-9DA6-B6BC687D9A51}.Release|Any CPU.Build.0 = Release|Any CPU
		{B33871D2-0A58-41DE-A7FB-E7E58E0C6107}.Debug|Any CPU.ActiveCfg = Debug|Any CPU
		{B33871D2-0A58-41DE-A7FB-E7E58E0C6107}.Debug|Any CPU.Build.0 = Debug|Any CPU
		{B33871D2-0A58-41DE-A7FB-E7E58E0C6107}.Release|Any CPU.ActiveCfg = Release|Any CPU
		{B33871D2-0A58-41DE-A7FB-E7E58E0C6107}.Release|Any CPU.Build.0 = Release|Any CPU
		{2AB98847-BB76-44EF-9184-2C6E38138E7B}.Debug|Any CPU.ActiveCfg = Debug|Any CPU
		{2AB98847-BB76-44EF-9184-2C6E38138E7B}.Debug|Any CPU.Build.0 = Debug|Any CPU
		{2AB98847-BB76-44EF-9184-2C6E38138E7B}.Release|Any CPU.ActiveCfg = Release|Any CPU
		{2AB98847-BB76-44EF-9184-2C6E38138E7B}.Release|Any CPU.Build.0 = Release|Any CPU
		{5DD8DA6C-CFC9-4AF0-8AAD-FFB3C4E6B951}.Debug|Any CPU.ActiveCfg = Debug|Any CPU
		{5DD8DA6C-CFC9-4AF0-8AAD-FFB3C4E6B951}.Debug|Any CPU.Build.0 = Debug|Any CPU
		{5DD8DA6C-CFC9-4AF0-8AAD-FFB3C4E6B951}.Release|Any CPU.ActiveCfg = Release|Any CPU
		{5DD8DA6C-CFC9-4AF0-8AAD-FFB3C4E6B951}.Release|Any CPU.Build.0 = Release|Any CPU
	EndGlobalSection
	GlobalSection(NestedProjects) = preSolution
		{7E75DDC3-1A7D-4806-9DA6-B6BC687D9A51} = {781F0984-F5A6-4051-9B5F-525135392A5A}
		{B33871D2-0A58-41DE-A7FB-E7E58E0C6107} = {781F0984-F5A6-4051-9B5F-525135392A5A}
		{2AB98847-BB76-44EF-9184-2C6E38138E7B} = {781F0984-F5A6-4051-9B5F-525135392A5A}
		{5DD8DA6C-CFC9-4AF0-8AAD-FFB3C4E6B951} = {781F0984-F5A6-4051-9B5F-525135392A5A}
		{2E06D1F1-951E-43B4-9706-4A931EB38244} = {2FB36637-D019-47A7-8E00-B11FB572D0D8}
		{D169AF26-FB04-418D-A804-6BFBF6B99227} = {2E06D1F1-951E-43B4-9706-4A931EB38244}
		{C29D5355-B5A2-4621-86AE-57766C544BDB} = {2FB36637-D019-47A7-8E00-B11FB572D0D8}
		{F8B2E265-7B8A-484A-B494-02BF3CF086C1} = {C29D5355-B5A2-4621-86AE-57766C544BDB}
		{3E92D80F-561D-4374-A134-F1798FB395C2} = {C29D5355-B5A2-4621-86AE-57766C544BDB}
		{1ED107B4-974F-4084-8C98-B96C2041D4F5} = {C29D5355-B5A2-4621-86AE-57766C544BDB}
		{072A7146-CC76-4DBC-9020-2DA1F6613D71} = {C29D5355-B5A2-4621-86AE-57766C544BDB}
		{FCF116CF-D7A0-479B-B9EA-471FC20BF90B} = {C29D5355-B5A2-4621-86AE-57766C544BDB}
		{22503280-B856-43B3-8174-60F081C35E9A} = {2E06D1F1-951E-43B4-9706-4A931EB38244}
	EndGlobalSection
EndGlobal
